
Microsoft Visual Studio Solution File, Format Version 12.00
# Visual Studio Version 16
VisualStudioVersion = 16.0.29306.81
MinimumVisualStudioVersion = 10.0.40219.1
Project("{FAE04EC0-301F-11D3-BF4B-00C04F79EFBC}") = "NeuralNetworks", "NeuralNetworks\NeuralNetworks.csproj", "{F7EFBE6C-7704-4DAF-8415-CFDD98D9E518}"
EndProject
Project("{FAE04EC0-301F-11D3-BF4B-00C04F79EFBC}") = "NeuralNetworksTests", "NeuralNetworksTests\NeuralNetworksTests.csproj", "{8AF881DB-AA05-4D14-AFE3-A8A8FDDCC316}"
EndProject
Global
	GlobalSection(SolutionConfigurationPlatforms) = preSolution
		Debug|Any CPU = Debug|Any CPU
		Release|Any CPU = Release|Any CPU
	EndGlobalSection
	GlobalSection(ProjectConfigurationPlatforms) = postSolution
		{F7EFBE6C-7704-4DAF-8415-CFDD98D9E518}.Debug|Any CPU.ActiveCfg = Debug|Any CPU
		{F7EFBE6C-7704-4DAF-8415-CFDD98D9E518}.Debug|Any CPU.Build.0 = Debug|Any CPU
		{F7EFBE6C-7704-4DAF-8415-CFDD98D9E518}.Release|Any CPU.ActiveCfg = Release|Any CPU
		{F7EFBE6C-7704-4DAF-8415-CFDD98D9E518}.Release|Any CPU.Build.0 = Release|Any CPU
		{8AF881DB-AA05-4D14-AFE3-A8A8FDDCC316}.Debug|Any CPU.ActiveCfg = Debug|Any CPU
		{8AF881DB-AA05-4D14-AFE3-A8A8FDDCC316}.Debug|Any CPU.Build.0 = Debug|Any CPU
		{8AF881DB-AA05-4D14-AFE3-A8A8FDDCC316}.Release|Any CPU.ActiveCfg = Release|Any CPU
		{8AF881DB-AA05-4D14-AFE3-A8A8FDDCC316}.Release|Any CPU.Build.0 = Release|Any CPU
	EndGlobalSection
	GlobalSection(SolutionProperties) = preSolution
		HideSolutionNode = FALSE
	EndGlobalSection
	GlobalSection(ExtensibilityGlobals) = postSolution
		SolutionGuid = {D167A173-5690-4546-B3B0-929CE33382F6}
	EndGlobalSection
EndGlobal
